
Microsoft Visual Studio Solution File, Format Version 12.00
# Visual Studio 15
VisualStudioVersion = 15.0.28307.779
MinimumVisualStudioVersion = 10.0.40219.1
Project("{2150E333-8FDC-42A3-9474-1A3956D46DE8}") = "src", "src", "{952BBB95-1876-49F4-971F-85CA426A1562}"
EndProject
Project("{2150E333-8FDC-42A3-9474-1A3956D46DE8}") = "Services", "Services", "{A1281563-B0E0-430A-9CCC-C22794AC64FE}"
EndProject
Project("{9A19103F-16F7-4668-BE54-9A1E7A4F7556}") = "IdentityServer", "IdentityServer\IdentityServer.csproj", "{FCE06D5A-0836-4BAE-B76B-50E82992E66B}"
EndProject
Project("{2150E333-8FDC-42A3-9474-1A3956D46DE8}") = "Web", "Web", "{4C997DF6-A057-4E9F-A33D-491CCE89D241}"
EndProject
Project("{9A19103F-16F7-4668-BE54-9A1E7A4F7556}") = "Catalog.API", "Catalog\Catalog.API\Catalog.API.csproj", "{405B0710-3C82-48F3-9582-0CD266F4FD80}"
EndProject
Project("{2150E333-8FDC-42A3-9474-1A3956D46DE8}") = "BuildingBlocks", "BuildingBlocks", "{74FC4568-291A-468C-855C-31A5FADAF277}"
EndProject
Project("{9A19103F-16F7-4668-BE54-9A1E7A4F7556}") = "WebHost.Customization", "WebHost.Customization\WebHost.Customization.csproj", "{6FCC1A50-B1E7-4232-A93C-6F4032657A21}"
EndProject
Project("{9A19103F-16F7-4668-BE54-9A1E7A4F7556}") = "Basket.API", "Basket\Basket.API\Basket.API.csproj", "{E2672B29-0244-400F-9C17-CBB33A7BF2ED}"
EndProject
Project("{9A19103F-16F7-4668-BE54-9A1E7A4F7556}") = "WebSPA", "WebSPA\WebSPA.csproj", "{FED44790-447B-4A17-9B8A-4831DE028167}"
EndProject
Global
	GlobalSection(SolutionConfigurationPlatforms) = preSolution
		Debug|Any CPU = Debug|Any CPU
		Release|Any CPU = Release|Any CPU
	EndGlobalSection
	GlobalSection(ProjectConfigurationPlatforms) = postSolution
		{FCE06D5A-0836-4BAE-B76B-50E82992E66B}.Debug|Any CPU.ActiveCfg = Debug|Any CPU
		{FCE06D5A-0836-4BAE-B76B-50E82992E66B}.Debug|Any CPU.Build.0 = Debug|Any CPU
		{FCE06D5A-0836-4BAE-B76B-50E82992E66B}.Release|Any CPU.ActiveCfg = Release|Any CPU
		{FCE06D5A-0836-4BAE-B76B-50E82992E66B}.Release|Any CPU.Build.0 = Release|Any CPU
		{405B0710-3C82-48F3-9582-0CD266F4FD80}.Debug|Any CPU.ActiveCfg = Debug|Any CPU
		{405B0710-3C82-48F3-9582-0CD266F4FD80}.Debug|Any CPU.Build.0 = Debug|Any CPU
		{405B0710-3C82-48F3-9582-0CD266F4FD80}.Release|Any CPU.ActiveCfg = Release|Any CPU
		{405B0710-3C82-48F3-9582-0CD266F4FD80}.Release|Any CPU.Build.0 = Release|Any CPU
		{6FCC1A50-B1E7-4232-A93C-6F4032657A21}.Debug|Any CPU.ActiveCfg = Debug|Any CPU
		{6FCC1A50-B1E7-4232-A93C-6F4032657A21}.Debug|Any CPU.Build.0 = Debug|Any CPU
		{6FCC1A50-B1E7-4232-A93C-6F4032657A21}.Release|Any CPU.ActiveCfg = Release|Any CPU
		{6FCC1A50-B1E7-4232-A93C-6F4032657A21}.Release|Any CPU.Build.0 = Release|Any CPU
		{E2672B29-0244-400F-9C17-CBB33A7BF2ED}.Debug|Any CPU.ActiveCfg = Debug|Any CPU
		{E2672B29-0244-400F-9C17-CBB33A7BF2ED}.Debug|Any CPU.Build.0 = Debug|Any CPU
		{E2672B29-0244-400F-9C17-CBB33A7BF2ED}.Release|Any CPU.ActiveCfg = Release|Any CPU
		{E2672B29-0244-400F-9C17-CBB33A7BF2ED}.Release|Any CPU.Build.0 = Release|Any CPU
		{FED44790-447B-4A17-9B8A-4831DE028167}.Debug|Any CPU.ActiveCfg = Debug|Any CPU
		{FED44790-447B-4A17-9B8A-4831DE028167}.Debug|Any CPU.Build.0 = Debug|Any CPU
		{FED44790-447B-4A17-9B8A-4831DE028167}.Release|Any CPU.ActiveCfg = Release|Any CPU
		{FED44790-447B-4A17-9B8A-4831DE028167}.Release|Any CPU.Build.0 = Release|Any CPU
	EndGlobalSection
	GlobalSection(SolutionProperties) = preSolution
		HideSolutionNode = FALSE
	EndGlobalSection
	GlobalSection(NestedProjects) = preSolution
		{A1281563-B0E0-430A-9CCC-C22794AC64FE} = {952BBB95-1876-49F4-971F-85CA426A1562}
		{FCE06D5A-0836-4BAE-B76B-50E82992E66B} = {A1281563-B0E0-430A-9CCC-C22794AC64FE}
		{4C997DF6-A057-4E9F-A33D-491CCE89D241} = {952BBB95-1876-49F4-971F-85CA426A1562}
		{405B0710-3C82-48F3-9582-0CD266F4FD80} = {A1281563-B0E0-430A-9CCC-C22794AC64FE}
		{74FC4568-291A-468C-855C-31A5FADAF277} = {952BBB95-1876-49F4-971F-85CA426A1562}
		{6FCC1A50-B1E7-4232-A93C-6F4032657A21} = {74FC4568-291A-468C-855C-31A5FADAF277}
		{E2672B29-0244-400F-9C17-CBB33A7BF2ED} = {A1281563-B0E0-430A-9CCC-C22794AC64FE}
		{FED44790-447B-4A17-9B8A-4831DE028167} = {4C997DF6-A057-4E9F-A33D-491CCE89D241}
	EndGlobalSection
	GlobalSection(ExtensibilityGlobals) = postSolution
		SolutionGuid = {F8ED4CEB-8421-4E9E-84F4-ABE8B6912899}
	EndGlobalSection
EndGlobal
